Microsoft Visual Studio Solution File, Format Version 11.00
# Visual Studio 2008

Project("{46CF6A2A-EA8B-45E2-2806-11D8F79DF351}") = "iterationone", "Assembly-CSharp-firstpass.csproj", "{3757210B-AB85-7FE1-0F65-67722612020E}"
EndProject
Project("{46CF6A2A-EA8B-45E2-2806-11D8F79DF351}") = "iterationone", "Assembly-CSharp.csproj", "{EE21C7BF-E947-CEBB-A11C-75DE5E7ABA75}"
EndProject
Project("{46CF6A2A-EA8B-45E2-2806-11D8F79DF351}") = "iterationone", "Assembly-UnityScript-firstpass.unityproj", "{72A3CAC7-3128-1402-F349-46AA34848DE2}"
EndProject
Project("{46CF6A2A-EA8B-45E2-2806-11D8F79DF351}") = "iterationone", "Assembly-UnityScript.unityproj", "{FD956A82-BCAE-461E-28DF-994C7C6ABD78}"
EndProject
Global
	GlobalSection(SolutionConfigurationPlatforms) = preSolution
		Debug|Any CPU = Debug|Any CPU
		Release|Any CPU = Release|Any CPU
	EndGlobalSection
	GlobalSection(ProjectConfigurationPlatforms) = postSolution
		{3757210B-AB85-7FE1-0F65-67722612020E}.Debug|Any CPU.ActiveCfg = Debug|Any CPU
		{3757210B-AB85-7FE1-0F65-67722612020E}.Debug|Any CPU.Build.0 = Debug|Any CPU
		{3757210B-AB85-7FE1-0F65-67722612020E}.Release|Any CPU.ActiveCfg = Release|Any CPU
		{3757210B-AB85-7FE1-0F65-67722612020E}.Release|Any CPU.Build.0 = Release|Any CPU
		{EE21C7BF-E947-CEBB-A11C-75DE5E7ABA75}.Debug|Any CPU.ActiveCfg = Debug|Any CPU
		{EE21C7BF-E947-CEBB-A11C-75DE5E7ABA75}.Debug|Any CPU.Build.0 = Debug|Any CPU
		{EE21C7BF-E947-CEBB-A11C-75DE5E7ABA75}.Release|Any CPU.ActiveCfg = Release|Any CPU
		{EE21C7BF-E947-CEBB-A11C-75DE5E7ABA75}.Release|Any CPU.Build.0 = Release|Any CPU
		{72A3CAC7-3128-1402-F349-46AA34848DE2}.Debug|Any CPU.ActiveCfg = Debug|Any CPU
		{72A3CAC7-3128-1402-F349-46AA34848DE2}.Debug|Any CPU.Build.0 = Debug|Any CPU
		{72A3CAC7-3128-1402-F349-46AA34848DE2}.Release|Any CPU.ActiveCfg = Release|Any CPU
		{72A3CAC7-3128-1402-F349-46AA34848DE2}.Release|Any CPU.Build.0 = Release|Any CPU
		{FD956A82-BCAE-461E-28DF-994C7C6ABD78}.Debug|Any CPU.ActiveCfg = Debug|Any CPU
		{FD956A82-BCAE-461E-28DF-994C7C6ABD78}.Debug|Any CPU.Build.0 = Debug|Any CPU
		{FD956A82-BCAE-461E-28DF-994C7C6ABD78}.Release|Any CPU.ActiveCfg = Release|Any CPU
		{FD956A82-BCAE-461E-28DF-994C7C6ABD78}.Release|Any CPU.Build.0 = Release|Any CPU
	EndGlobalSection
	GlobalSection(SolutionProperties) = preSolution
		HideSolutionNode = FALSE
	EndGlobalSection
																																																																					GlobalSection(MonoDevelopProperties) = preSolution
		StartupItem = Assembly-CSharp.csproj
		Policies = $0
		$0.TextStylePolicy = $1
		$1.inheritsSet = null
		$1.scope = text/x-csharp
		$0.CSharpFormattingPolicy = $2
		$2.inheritsSet = Mono
		$2.inheritsScope = text/x-csharp
		$2.scope = text/x-csharp
		$0.TextStylePolicy = $3
		$3.FileWidth = 120
		$3.TabWidth = 4
		$3.EolMarker = Unix
		$3.inheritsSet = Mono
		$3.inheritsScope = text/plain
		$3.scope = text/plain
	EndGlobalSection

EndGlobal
